
Microsoft Visual Studio Solution File, Format Version 12.00
# Visual Studio 15
VisualStudioVersion = 15.0.28307.489
MinimumVisualStudioVersion = 10.0.40219.1
Project("{FAE04EC0-301F-11D3-BF4B-00C04F79EFBC}") = "LargestRectangleInsideNonConvexPolygon", "LargestRectangleInsideNonConvexPolygon\LargestRectangleInsideNonConvexPolygon.csproj", "{9D35456F-537B-4355-8089-288768AB456D}"
EndProject
Global
	GlobalSection(SolutionConfigurationPlatforms) = preSolution
		Debug|Any CPU = Debug|Any CPU
		Release|Any CPU = Release|Any CPU
	EndGlobalSection
	GlobalSection(ProjectConfigurationPlatforms) = postSolution
		{9D35456F-537B-4355-8089-288768AB456D}.Debug|Any CPU.ActiveCfg = Debug|Any CPU
		{9D35456F-537B-4355-8089-288768AB456D}.Debug|Any CPU.Build.0 = Debug|Any CPU
		{9D35456F-537B-4355-8089-288768AB456D}.Release|Any CPU.ActiveCfg = Release|Any CPU
		{9D35456F-537B-4355-8089-288768AB456D}.Release|Any CPU.Build.0 = Release|Any CPU
	EndGlobalSection
	GlobalSection(SolutionProperties) = preSolution
		HideSolutionNode = FALSE
	EndGlobalSection
	GlobalSection(ExtensibilityGlobals) = postSolution
		SolutionGuid = {5EC2E9C7-1965-4A72-BBBF-46237768EEB8}
	EndGlobalSection
EndGlobal
